// !$*UTF8*$!
{
	archiveVersion = 1;
	classes = {
	};
	objectVersion = 56;
	objects = {

/* Begin PBXBuildFile section */
		3722BBCE2992B09000DDA3DA /* Theme.swift in Sources */ = {isa = PBXBuildFile; fileRef = 3722BBCD2992B09000DDA3DA /* Theme.swift */; };
		3722BBD0299A91F400DDA3DA /* DailyScrum.swift in Sources */ = {isa = PBXBuildFile; fileRef = 3722BBCF299A91F400DDA3DA /* DailyScrum.swift */; };
		3722BBD2299A9B8200DDA3DA /* CardView.swift in Sources */ = {isa = PBXBuildFile; fileRef = 3722BBD1299A9B8200DDA3DA /* CardView.swift */; };
		3722BBD4299AAA3500DDA3DA /* TrailingIconLablelStyle.swift in Sources */ = {isa = PBXBuildFile; fileRef = 3722BBD3299AAA3500DDA3DA /* TrailingIconLablelStyle.swift */; };
		3722BBD8299AD2A400DDA3DA /* ScrumsView.swift in Sources */ = {isa = PBXBuildFile; fileRef = 3722BBD7299AD2A400DDA3DA /* ScrumsView.swift */; };
		37590A9629AE05D2004A08CB /* MeetingHeaderView.swift in Sources */ = {isa = PBXBuildFile; fileRef = 37590A9529AE05D2004A08CB /* MeetingHeaderView.swift */; };
		37590A9829AE68BB004A08CB /* ScrumProgressViewStyle.swift in Sources */ = {isa = PBXBuildFile; fileRef = 37590A9729AE68BB004A08CB /* ScrumProgressViewStyle.swift */; };
		37590A9A29AEBEF1004A08CB /* ScrumTimer.swift in Sources */ = {isa = PBXBuildFile; fileRef = 37590A9929AEBEF1004A08CB /* ScrumTimer.swift */; };
		37590A9C29AFDF68004A08CB /* MeetingFooterView.swift in Sources */ = {isa = PBXBuildFile; fileRef = 37590A9B29AFDF68004A08CB /* MeetingFooterView.swift */; };
		37590AA629B0115B004A08CB /* AVPlayer.swift in Sources */ = {isa = PBXBuildFile; fileRef = 37590AA529B0115B004A08CB /* AVPlayer.swift */; };
		37590AAB29B02320004A08CB /* ding.wav in Resources */ = {isa = PBXBuildFile; fileRef = 37590AAA29B02320004A08CB /* ding.wav */; };
		375DA1682991279C00670C91 /* ScrumManagerApp.swift in Sources */ = {isa = PBXBuildFile; fileRef = 375DA1672991279C00670C91 /* ScrumManagerApp.swift */; };
		375DA16A2991279C00670C91 /* MeetingView.swift in Sources */ = {isa = PBXBuildFile; fileRef = 375DA1692991279C00670C91 /* MeetingView.swift */; };
		375DA16C2991279D00670C91 /* Assets.xcassets in Resources */ = {isa = PBXBuildFile; fileRef = 375DA16B2991279D00670C91 /* Assets.xcassets */; };
		375DA16F2991279D00670C91 /* Preview Assets.xcassets in Resources */ = {isa = PBXBuildFile; fileRef = 375DA16E2991279D00670C91 /* Preview Assets.xcassets */; };
		377A2D4F29A484FB00FFB8F2 /* DetailView.swift in Sources */ = {isa = PBXBuildFile; fileRef = 377A2D4E29A484FB00FFB8F2 /* DetailView.swift */; };
		377A2D5129ABCD0000FFB8F2 /* DetailEditView.swift in Sources */ = {isa = PBXBuildFile; fileRef = 377A2D5029ABCD0000FFB8F2 /* DetailEditView.swift */; };
		377A2D5329AC67A200FFB8F2 /* ThemeView.swift in Sources */ = {isa = PBXBuildFile; fileRef = 377A2D5229AC67A200FFB8F2 /* ThemeView.swift */; };
		377A2D5529AC690400FFB8F2 /* ThemePicker.swift in Sources */ = {isa = PBXBuildFile; fileRef = 377A2D5429AC690400FFB8F2 /* ThemePicker.swift */; };
/* End PBXBuildFile section */

/* Begin PBXFileReference section */
		3722BBCD2992B09000DDA3DA /* Theme.swift */ = {isa = PBXFileReference; lastKnownFileType = sourcecode.swift; path = Theme.swift; sourceTree = "<group>"; };
		3722BBCF299A91F400DDA3DA /* DailyScrum.swift */ = {isa = PBXFileReference; lastKnownFileType = sourcecode.swift; path = DailyScrum.swift; sourceTree = "<group>"; };
		3722BBD1299A9B8200DDA3DA /* CardView.swift */ = {isa = PBXFileReference; lastKnownFileType = sourcecode.swift; path = CardView.swift; sourceTree = "<group>"; };
		3722BBD3299AAA3500DDA3DA /* TrailingIconLablelStyle.swift */ = {isa = PBXFileReference; lastKnownFileType = sourcecode.swift; path = TrailingIconLablelStyle.swift; sourceTree = "<group>"; };
		3722BBD7299AD2A400DDA3DA /* ScrumsView.swift */ = {isa = PBXFileReference; lastKnownFileType = sourcecode.swift; path = ScrumsView.swift; sourceTree = "<group>"; };
		37590A9529AE05D2004A08CB /* MeetingHeaderView.swift */ = {isa = PBXFileReference; lastKnownFileType = sourcecode.swift; path = MeetingHeaderView.swift; sourceTree = "<group>"; };
		37590A9729AE68BB004A08CB /* ScrumProgressViewStyle.swift */ = {isa = PBXFileReference; lastKnownFileType = sourcecode.swift; path = ScrumProgressViewStyle.swift; sourceTree = "<group>"; };
		37590A9929AEBEF1004A08CB /* ScrumTimer.swift */ = {isa = PBXFileReference; lastKnownFileType = sourcecode.swift; path = ScrumTimer.swift; sourceTree = "<group>"; };
		37590A9B29AFDF68004A08CB /* MeetingFooterView.swift */ = {isa = PBXFileReference; lastKnownFileType = sourcecode.swift; path = MeetingFooterView.swift; sourceTree = "<group>"; };
		37590AA429B010EA004A08CB /* ACKNOWLEDGMENTS.txt */ = {isa = PBXFileReference; lastKnownFileType = text; path = ACKNOWLEDGMENTS.txt; sourceTree = "<group>"; };
		37590AA529B0115B004A08CB /* AVPlayer.swift */ = {isa = PBXFileReference; lastKnownFileType = sourcecode.swift; path = AVPlayer.swift; sourceTree = "<group>"; };
		37590AAA29B02320004A08CB /* ding.wav */ = {isa = PBXFileReference; lastKnownFileType = audio.wav; path = ding.wav; sourceTree = "<group>"; };
		375DA1642991279C00670C91 /* ScrumManager.app */ = {isa = PBXFileReference; explicitFileType = wrapper.application; includeInIndex = 0; path = ScrumManager.app; sourceTree = BUILT_PRODUCTS_DIR; };
		375DA1672991279C00670C91 /* ScrumManagerApp.swift */ = {isa = PBXFileReference; lastKnownFileType = sourcecode.swift; path = ScrumManagerApp.swift; sourceTree = "<group>"; };
		375DA1692991279C00670C91 /* MeetingView.swift */ = {isa = PBXFileReference; lastKnownFileType = sourcecode.swift; path = MeetingView.swift; sourceTree = "<group>"; };
		375DA16B2991279D00670C91 /* Assets.xcassets */ = {isa = PBXFileReference; lastKnownFileType = folder.assetcatalog; path = Assets.xcassets; sourceTree = "<group>"; };
		375DA16E2991279D00670C91 /* Preview Assets.xcassets */ = {isa = PBXFileReference; lastKnownFileType = folder.assetcatalog; path = "Preview Assets.xcassets"; sourceTree = "<group>"; };
		377A2D4E29A484FB00FFB8F2 /* DetailView.swift */ = {isa = PBXFileReference; lastKnownFileType = sourcecode.swift; path = DetailView.swift; sourceTree = "<group>"; };
		377A2D5029ABCD0000FFB8F2 /* DetailEditView.swift */ = {isa = PBXFileReference; lastKnownFileType = sourcecode.swift; path = DetailEditView.swift; sourceTree = "<group>"; };
		377A2D5229AC67A200FFB8F2 /* ThemeView.swift */ = {isa = PBXFileReference; lastKnownFileType = sourcecode.swift; path = ThemeView.swift; sourceTree = "<group>"; };
		377A2D5429AC690400FFB8F2 /* ThemePicker.swift */ = {isa = PBXFileReference; lastKnownFileType = sourcecode.swift; path = ThemePicker.swift; sourceTree = "<group>"; };
/* End PBXFileReference section */

/* Begin PBXFrameworksBuildPhase section */
		375DA1612991279C00670C91 /* Frameworks */ = {
			isa = PBXFrameworksBuildPhase;
			buildActionMask = 2147483647;
			files = (
			);
			runOnlyForDeploymentPostprocessing = 0;
		};
/* End PBXFrameworksBuildPhase section */

/* Begin PBXGroup section */
		3722BBCC2992B07500DDA3DA /* Models */ = {
			isa = PBXGroup;
			children = (
				3722BBCF299A91F400DDA3DA /* DailyScrum.swift */,
				37590A9929AEBEF1004A08CB /* ScrumTimer.swift */,
				3722BBCD2992B09000DDA3DA /* Theme.swift */,
				37590AA529B0115B004A08CB /* AVPlayer.swift */,
			);
			path = Models;
			sourceTree = "<group>";
		};
		3722BBD5299AD22F00DDA3DA /* Views */ = {
			isa = PBXGroup;
			children = (
				3722BBD1299A9B8200DDA3DA /* CardView.swift */,
				377A2D5029ABCD0000FFB8F2 /* DetailEditView.swift */,
				377A2D4E29A484FB00FFB8F2 /* DetailView.swift */,
				37590A9B29AFDF68004A08CB /* MeetingFooterView.swift */,
				37590A9529AE05D2004A08CB /* MeetingHeaderView.swift */,
				375DA1692991279C00670C91 /* MeetingView.swift */,
				3722BBD7299AD2A400DDA3DA /* ScrumsView.swift */,
			);
			path = Views;
			sourceTree = "<group>";
		};
		3722BBD6299AD25300DDA3DA /* SupportingViews */ = {
			isa = PBXGroup;
			children = (
				37590A9729AE68BB004A08CB /* ScrumProgressViewStyle.swift */,
				377A2D5429AC690400FFB8F2 /* ThemePicker.swift */,
				377A2D5229AC67A200FFB8F2 /* ThemeView.swift */,
				3722BBD3299AAA3500DDA3DA /* TrailingIconLablelStyle.swift */,
			);
			path = SupportingViews;
			sourceTree = "<group>";
		};
		37590AA329B010E3004A08CB /* LICENSE */ = {
			isa = PBXGroup;
			children = (
				37590AA429B010EA004A08CB /* ACKNOWLEDGMENTS.txt */,
			);
			path = LICENSE;
			sourceTree = "<group>";
		};
		37590AA929B02320004A08CB /* Resources */ = {
			isa = PBXGroup;
			children = (
				37590AAA29B02320004A08CB /* ding.wav */,
			);
			path = Resources;
			sourceTree = "<group>";
		};
		375DA15B2991279C00670C91 = {
			isa = PBXGroup;
			children = (
				37590AA329B010E3004A08CB /* LICENSE */,
				375DA1662991279C00670C91 /* ScrumManager */,
				375DA16B2991279D00670C91 /* Assets.xcassets */,
				375DA1652991279C00670C91 /* Products */,
			);
			sourceTree = "<group>";
		};
		375DA1652991279C00670C91 /* Products */ = {
			isa = PBXGroup;
			children = (
				375DA1642991279C00670C91 /* ScrumManager.app */,
			);
			name = Products;
			sourceTree = "<group>";
		};
		375DA1662991279C00670C91 /* ScrumManager */ = {
			isa = PBXGroup;
			children = (
				375DA1672991279C00670C91 /* ScrumManagerApp.swift */,
				3722BBCC2992B07500DDA3DA /* Models */,
				3722BBD5299AD22F00DDA3DA /* Views */,
				3722BBD6299AD25300DDA3DA /* SupportingViews */,
				37590AA929B02320004A08CB /* Resources */,
				375DA16D2991279D00670C91 /* Preview Content */,
			);
			path = ScrumManager;
			sourceTree = "<group>";
		};
		375DA16D2991279D00670C91 /* Preview Content */ = {
			isa = PBXGroup;
			children = (
				375DA16E2991279D00670C91 /* Preview Assets.xcassets */,
			);
			path = "Preview Content";
			sourceTree = "<group>";
		};
/* End PBXGroup section */

/* Begin PBXNativeTarget section */
		375DA1632991279C00670C91 /* ScrumManager */ = {
			isa = PBXNativeTarget;
			buildConfigurationList = 375DA1722991279D00670C91 /* Build configuration list for PBXNativeTarget "ScrumManager" */;
			buildPhases = (
				375DA1602991279C00670C91 /* Sources */,
				375DA1612991279C00670C91 /* Frameworks */,
				375DA1622991279C00670C91 /* Resources */,
			);
			buildRules = (
			);
			dependencies = (
			);
			name = ScrumManager;
			productName = Scrumdinger;
			productReference = 375DA1642991279C00670C91 /* ScrumManager.app */;
			productType = "com.apple.product-type.application";
		};
/* End PBXNativeTarget section */

/* Begin PBXProject section */
		375DA15C2991279C00670C91 /* Project object */ = {
			isa = PBXProject;
			attributes = {
				BuildIndependentTargetsInParallel = 1;
				LastSwiftUpdateCheck = 1420;
				LastUpgradeCheck = 1420;
				TargetAttributes = {
					375DA1632991279C00670C91 = {
						CreatedOnToolsVersion = 14.2;
					};
				};
			};
			buildConfigurationList = 375DA15F2991279C00670C91 /* Build configuration list for PBXProject "ScrumManager" */;
			compatibilityVersion = "Xcode 14.0";
			developmentRegion = en;
			hasScannedForEncodings = 0;
			knownRegions = (
				en,
				Base,
			);
			mainGroup = 375DA15B2991279C00670C91;
			productRefGroup = 375DA1652991279C00670C91 /* Products */;
			projectDirPath = "";
			projectRoot = "";
			targets = (
				375DA1632991279C00670C91 /* ScrumManager */,
			);
		};
/* End PBXProject section */

/* Begin PBXResourcesBuildPhase section */
		375DA1622991279C00670C91 /* Resources */ = {
			isa = PBXResourcesBuildPhase;
			buildActionMask = 2147483647;
			files = (
				37590AAB29B02320004A08CB /* ding.wav in Resources */,
				375DA16F2991279D00670C91 /* Preview Assets.xcassets in Resources */,
				375DA16C2991279D00670C91 /* Assets.xcassets in Resources */,
			);
			runOnlyForDeploymentPostprocessing = 0;
		};
/* End PBXResourcesBuildPhase section */

/* Begin PBXSourcesBuildPhase section */
		375DA1602991279C00670C91 /* Sources */ = {
			isa = PBXSourcesBuildPhase;
			buildActionMask = 2147483647;
			files = (
				377A2D5529AC690400FFB8F2 /* ThemePicker.swift in Sources */,
				37590A9829AE68BB004A08CB /* ScrumProgressViewStyle.swift in Sources */,
				37590A9C29AFDF68004A08CB /* MeetingFooterView.swift in Sources */,
				37590A9A29AEBEF1004A08CB /* ScrumTimer.swift in Sources */,
				3722BBD0299A91F400DDA3DA /* DailyScrum.swift in Sources */,
				377A2D4F29A484FB00FFB8F2 /* DetailView.swift in Sources */,
				37590A9629AE05D2004A08CB /* MeetingHeaderView.swift in Sources */,
				377A2D5129ABCD0000FFB8F2 /* DetailEditView.swift in Sources */,
				3722BBCE2992B09000DDA3DA /* Theme.swift in Sources */,
				375DA16A2991279C00670C91 /* MeetingView.swift in Sources */,
				3722BBD8299AD2A400DDA3DA /* ScrumsView.swift in Sources */,
				375DA1682991279C00670C91 /* ScrumManagerApp.swift in Sources */,
				3722BBD2299A9B8200DDA3DA /* CardView.swift in Sources */,
				37590AA629B0115B004A08CB /* AVPlayer.swift in Sources */,
				377A2D5329AC67A200FFB8F2 /* ThemeView.swift in Sources */,
				3722BBD4299AAA3500DDA3DA /* TrailingIconLablelStyle.swift in Sources */,
			);
			runOnlyForDeploymentPostprocessing = 0;
		};
/* End PBXSourcesBuildPhase section */

/* Begin XCBuildConfiguration section */
		375DA1702991279D00670C91 /* Debug */ = {
			isa = XCBuildConfiguration;
			buildSettings = {
				ALWAYS_SEARCH_USER_PATHS = NO;
				CLANG_ANALYZER_NONNULL = YES;
				CLANG_ANALYZER_NUMBER_OBJECT_CONVERSION = YES_AGGRESSIVE;
				CLANG_CXX_LANGUAGE_STANDARD = "gnu++20";
				CLANG_ENABLE_MODULES = YES;
				CLANG_ENABLE_OBJC_ARC = YES;
				CLANG_ENABLE_OBJC_WEAK = YES;
				CLANG_WARN_BLOCK_CAPTURE_AUTORELEASING = YES;
				CLANG_WARN_BOOL_CONVERSION = YES;
				CLANG_WARN_COMMA = YES;
				CLANG_WARN_CONSTANT_CONVERSION = YES;
				CLANG_WARN_DEPRECATED_OBJC_IMPLEMENTATIONS = YES;
				CLANG_WARN_DIRECT_OBJC_ISA_USAGE = YES_ERROR;
				CLANG_WARN_DOCUMENTATION_COMMENTS = YES;
				CLANG_WARN_EMPTY_BODY = YES;
				CLANG_WARN_ENUM_CONVERSION = YES;
				CLANG_WARN_INFINITE_RECURSION = YES;
				CLANG_WARN_INT_CONVERSION = YES;
				CLANG_WARN_NON_LITERAL_NULL_CONVERSION = YES;
				CLANG_WARN_OBJC_IMPLICIT_RETAIN_SELF = YES;
				CLANG_WARN_OBJC_LITERAL_CONVERSION = YES;
				CLANG_WARN_OBJC_ROOT_CLASS = YES_ERROR;
				CLANG_WARN_QUOTED_INCLUDE_IN_FRAMEWORK_HEADER = YES;
				CLANG_WARN_RANGE_LOOP_ANALYSIS = YES;
				CLANG_WARN_STRICT_PROTOTYPES = YES;
				CLANG_WARN_SUSPICIOUS_MOVE = YES;
				CLANG_WARN_UNGUARDED_AVAILABILITY = YES_AGGRESSIVE;
				CLANG_WARN_UNREACHABLE_CODE = YES;
				CLANG_WARN__DUPLICATE_METHOD_MATCH = YES;
				COPY_PHASE_STRIP = NO;
				DEBUG_INFORMATION_FORMAT = dwarf;
				ENABLE_STRICT_OBJC_MSGSEND = YES;
				ENABLE_TESTABILITY = YES;
				GCC_C_LANGUAGE_STANDARD = gnu11;
				GCC_DYNAMIC_NO_PIC = NO;
				GCC_NO_COMMON_BLOCKS = YES;
				GCC_OPTIMIZATION_LEVEL = 0;
				GCC_PREPROCESSOR_DEFINITIONS = (
					"DEBUG=1",
					"$(inherited)",
				);
				GCC_WARN_64_TO_32_BIT_CONVERSION = YES;
				GCC_WARN_ABOUT_RETURN_TYPE = YES_ERROR;
				GCC_WARN_UNDECLARED_SELECTOR = YES;
				GCC_WARN_UNINITIALIZED_AUTOS = YES_AGGRESSIVE;
				GCC_WARN_UNUSED_FUNCTION = YES;
				GCC_WARN_UNUSED_VARIABLE = YES;
				IPHONEOS_DEPLOYMENT_TARGET = 16.2;
				MTL_ENABLE_DEBUG_INFO = INCLUDE_SOURCE;
				MTL_FAST_MATH = YES;
				ONLY_ACTIVE_ARCH = YES;
				SDKROOT = iphoneos;
				SWIFT_ACTIVE_COMPILATION_CONDITIONS = DEBUG;
				SWIFT_OPTIMIZATION_LEVEL = "-Onone";
			};
			name = Debug;
		};
		375DA1712991279D00670C91 /* Release */ = {
			isa = XCBuildConfiguration;
			buildSettings = {
				ALWAYS_SEARCH_USER_PATHS = NO;
				CLANG_ANALYZER_NONNULL = YES;
				CLANG_ANALYZER_NUMBER_OBJECT_CONVERSION = YES_AGGRESSIVE;
				CLANG_CXX_LANGUAGE_STANDARD = "gnu++20";
				CLANG_ENABLE_MODULES = YES;
				CLANG_ENABLE_OBJC_ARC = YES;
				CLANG_ENABLE_OBJC_WEAK = YES;
				CLANG_WARN_BLOCK_CAPTURE_AUTORELEASING = YES;
				CLANG_WARN_BOOL_CONVERSION = YES;
				CLANG_WARN_COMMA = YES;
				CLANG_WARN_CONSTANT_CONVERSION = YES;
				CLANG_WARN_DEPRECATED_OBJC_IMPLEMENTATIONS = YES;
				CLANG_WARN_DIRECT_OBJC_ISA_USAGE = YES_ERROR;
				CLANG_WARN_DOCUMENTATION_COMMENTS = YES;
				CLANG_WARN_EMPTY_BODY = YES;
				CLANG_WARN_ENUM_CONVERSION = YES;
				CLANG_WARN_INFINITE_RECURSION = YES;
				CLANG_WARN_INT_CONVERSION = YES;
				CLANG_WARN_NON_LITERAL_NULL_CONVERSION = YES;
				CLANG_WARN_OBJC_IMPLICIT_RETAIN_SELF = YES;
				CLANG_WARN_OBJC_LITERAL_CONVERSION = YES;
				CLANG_WARN_OBJC_ROOT_CLASS = YES_ERROR;
				CLANG_WARN_QUOTED_INCLUDE_IN_FRAMEWORK_HEADER = YES;
				CLANG_WARN_RANGE_LOOP_ANALYSIS = YES;
				CLANG_WARN_STRICT_PROTOTYPES = YES;
				CLANG_WARN_SUSPICIOUS_MOVE = YES;
				CLANG_WARN_UNGUARDED_AVAILABILITY = YES_AGGRESSIVE;
				CLANG_WARN_UNREACHABLE_CODE = YES;
				CLANG_WARN__DUPLICATE_METHOD_MATCH = YES;
				COPY_PHASE_STRIP = NO;
				DEBUG_INFORMATION_FORMAT = "dwarf-with-dsym";
				ENABLE_NS_ASSERTIONS = NO;
				ENABLE_STRICT_OBJC_MSGSEND = YES;
				GCC_C_LANGUAGE_STANDARD = gnu11;
				GCC_NO_COMMON_BLOCKS = YES;
				GCC_WARN_64_TO_32_BIT_CONVERSION = YES;
				GCC_WARN_ABOUT_RETURN_TYPE = YES_ERROR;
				GCC_WARN_UNDECLARED_SELECTOR = YES;
				GCC_WARN_UNINITIALIZED_AUTOS = YES_AGGRESSIVE;
				GCC_WARN_UNUSED_FUNCTION = YES;
				GCC_WARN_UNUSED_VARIABLE = YES;
				IPHONEOS_DEPLOYMENT_TARGET = 16.2;
				MTL_ENABLE_DEBUG_INFO = NO;
				MTL_FAST_MATH = YES;
				SDKROOT = iphoneos;
				SWIFT_COMPILATION_MODE = wholemodule;
				SWIFT_OPTIMIZATION_LEVEL = "-O";
				VALIDATE_PRODUCT = YES;
			};
			name = Release;
		};
		375DA1732991279D00670C91 /* Debug */ = {
			isa = XCBuildConfiguration;
			buildSettings = {
				ASSETCATALOG_COMPILER_APPICON_NAME = AppIcon;
				ASSETCATALOG_COMPILER_GLOBAL_ACCENT_COLOR_NAME = AccentColor;
				CODE_SIGN_STYLE = Automatic;
				CURRENT_PROJECT_VERSION = 1;
				DEVELOPMENT_ASSET_PATHS = "\"ScrumManager/Preview Content\"";
				DEVELOPMENT_TEAM = 37884VKC8R;
				ENABLE_PREVIEWS = YES;
				GENERATE_INFOPLIST_FILE = YES;
				INFOPLIST_KEY_UIApplicationSceneManifest_Generation = YES;
				INFOPLIST_KEY_UIApplicationSupportsIndirectInputEvents = YES;
				INFOPLIST_KEY_UILaunchScreen_Generation = YES;
				INFOPLIST_KEY_UISupportedInterfaceOrientations_iPad = "UIInterfaceOrientationPortrait UIInterfaceOrientationPortraitUpsideDown UIInterfaceOrientationLandscapeLeft UIInterfaceOrientationLandscapeRight";
				INFOPLIST_KEY_UISupportedInterfaceOrientations_iPhone = "UIInterfaceOrientationPortrait UIInterfaceOrientationLandscapeLeft UIInterfaceOrientationLandscapeRight";
				LD_RUNPATH_SEARCH_PATHS = (
					"$(inherited)",
					"@executable_path/Frameworks",
				);
				MARKETING_VERSION = 1.0;
				PRODUCT_BUNDLE_IDENTIFIER = com.saramutina.ScrumManager;
				PRODUCT_NAME = "$(TARGET_NAME)";
				SWIFT_EMIT_LOC_STRINGS = YES;
				SWIFT_VERSION = 5.0;
				TARGETED_DEVICE_FAMILY = "1,2";
			};
			name = Debug;
		};
		375DA1742991279D00670C91 /* Release */ = {
			isa = XCBuildConfiguration;
			buildSettings = {
				ASSETCATALOG_COMPILER_APPICON_NAME = AppIcon;
				ASSETCATALOG_COMPILER_GLOBAL_ACCENT_COLOR_NAME = AccentColor;
				CODE_SIGN_STYLE = Automatic;
				CURRENT_PROJECT_VERSION = 1;
				DEVELOPMENT_ASSET_PATHS = "\"ScrumManager/Preview Content\"";
				DEVELOPMENT_TEAM = 37884VKC8R;
				ENABLE_PREVIEWS = YES;
				GENERATE_INFOPLIST_FILE = YES;
				INFOPLIST_KEY_UIApplicationSceneManifest_Generation = YES;
				INFOPLIST_KEY_UIApplicationSupportsIndirectInputEvents = YES;
				INFOPLIST_KEY_UILaunchScreen_Generation = YES;
				INFOPLIST_KEY_UISupportedInterfaceOrientations_iPad = "UIInterfaceOrientationPortrait UIInterfaceOrientationPortraitUpsideDown UIInterfaceOrientationLandscapeLeft UIInterfaceOrientationLandscapeRight";
				INFOPLIST_KEY_UISupportedInterfaceOrientations_iPhone = "UIInterfaceOrientationPortrait UIInterfaceOrientationLandscapeLeft UIInterfaceOrientationLandscapeRight";
				LD_RUNPATH_SEARCH_PATHS = (
					"$(inherited)",
					"@executable_path/Frameworks",
				);
				MARKETING_VERSION = 1.0;
				PRODUCT_BUNDLE_IDENTIFIER = com.saramutina.ScrumManager;
				PRODUCT_NAME = "$(TARGET_NAME)";
				SWIFT_EMIT_LOC_STRINGS = YES;
				SWIFT_VERSION = 5.0;
				TARGETED_DEVICE_FAMILY = "1,2";
			};
			name = Release;
		};
/* End XCBuildConfiguration section */

/* Begin XCConfigurationList section */
		375DA15F2991279C00670C91 /* Build configuration list for PBXProject "ScrumManager" */ = {
			isa = XCConfigurationList;
			buildConfigurations = (
				375DA1702991279D00670C91 /* Debug */,
				375DA1712991279D00670C91 /* Release */,
			);
			defaultConfigurationIsVisible = 0;
			defaultConfigurationName = Release;
		};
		375DA1722991279D00670C91 /* Build configuration list for PBXNativeTarget "ScrumManager" */ = {
			isa = XCConfigurationList;
			buildConfigurations = (
				375DA1732991279D00670C91 /* Debug */,
				375DA1742991279D00670C91 /* Release */,
			);
			defaultConfigurationIsVisible = 0;
			defaultConfigurationName = Release;
		};
/* End XCConfigurationList section */
	};
	rootObject = 375DA15C2991279C00670C91 /* Project object */;
}
